
Microsoft Visual Studio Solution File, Format Version 12.00
# Visual Studio Version 17
VisualStudioVersion = 17.0.31903.59
MinimumVisualStudioVersion = 10.0.40219.1
Project("{2150E333-8FDC-42A3-9474-1A3956D46DE8}") = "src", "src", "{827E0CD3-B72D-47B6-A68D-7590B98EB39B}"
EndProject
Project("{FAE04EC0-301F-11D3-BF4B-00C04F79EFBC}") = "ProjectHub.Domain", "src\ProjectHub.Domain\ProjectHub.Domain.csproj", "{C9E58F0C-FAA8-4E02-B73C-A88929F2F5AF}"
EndProject
Project("{FAE04EC0-301F-11D3-BF4B-00C04F79EFBC}") = "ProjectHub.Application", "src\ProjectHub.Application\ProjectHub.Application.csproj", "{BDAF7177-D698-491C-B7FB-3FE604E05904}"
EndProject
Project("{FAE04EC0-301F-11D3-BF4B-00C04F79EFBC}") = "ProjectHub.Infrastructure", "src\ProjectHub.Infrastructure\ProjectHub.Infrastructure.csproj", "{4328759D-3A26-4D9C-AE31-BA836AE61C77}"
EndProject
Project("{FAE04EC0-301F-11D3-BF4B-00C04F79EFBC}") = "ProjectHub.Persistence", "src\ProjectHub.Persistence\ProjectHub.Persistence.csproj", "{D5783556-D720-45F6-8E9F-E02EE8ED8908}"
EndProject
Project("{FAE04EC0-301F-11D3-BF4B-00C04F79EFBC}") = "ProjectHub.API", "src\ProjectHub.API\ProjectHub.API.csproj", "{3E1D35B9-EAED-4FF5-9533-9DE3CD45124D}"
EndProject
Project("{2150E333-8FDC-42A3-9474-1A3956D46DE8}") = "tests", "tests", "{0AB3BF05-4346-4AA6-1389-037BE0695223}"
EndProject
Project("{FAE04EC0-301F-11D3-BF4B-00C04F79EFBC}") = "ProjectHub.UnitTests", "tests\ProjectHub.UnitTests\ProjectHub.UnitTests.csproj", "{AE3B33A4-88C6-4EAA-BF7A-B1D78C8D638D}"
EndProject
Project("{FAE04EC0-301F-11D3-BF4B-00C04F79EFBC}") = "ProjectHub.IntegrationTests", "tests\ProjectHub.IntegrationTests\ProjectHub.IntegrationTests.csproj", "{C0DCC254-0653-421E-8B81-36630915B636}"
EndProject
Global
	GlobalSection(SolutionConfigurationPlatforms) = preSolution
		Debug|Any CPU = Debug|Any CPU
		Debug|x64 = Debug|x64
		Debug|x86 = Debug|x86
		Release|Any CPU = Release|Any CPU
		Release|x64 = Release|x64
		Release|x86 = Release|x86
	EndGlobalSection
	GlobalSection(ProjectConfigurationPlatforms) = postSolution
		{C9E58F0C-FAA8-4E02-B73C-A88929F2F5AF}.Debug|Any CPU.ActiveCfg = Debug|Any CPU
		{C9E58F0C-FAA8-4E02-B73C-A88929F2F5AF}.Debug|Any CPU.Build.0 = Debug|Any CPU
		{C9E58F0C-FAA8-4E02-B73C-A88929F2F5AF}.Debug|x64.ActiveCfg = Debug|Any CPU
		{C9E58F0C-FAA8-4E02-B73C-A88929F2F5AF}.Debug|x64.Build.0 = Debug|Any CPU
		{C9E58F0C-FAA8-4E02-B73C-A88929F2F5AF}.Debug|x86.ActiveCfg = Debug|Any CPU
		{C9E58F0C-FAA8-4E02-B73C-A88929F2F5AF}.Debug|x86.Build.0 = Debug|Any CPU
		{C9E58F0C-FAA8-4E02-B73C-A88929F2F5AF}.Release|Any CPU.ActiveCfg = Release|Any CPU
		{C9E58F0C-FAA8-4E02-B73C-A88929F2F5AF}.Release|Any CPU.Build.0 = Release|Any CPU
		{C9E58F0C-FAA8-4E02-B73C-A88929F2F5AF}.Release|x64.ActiveCfg = Release|Any CPU
		{C9E58F0C-FAA8-4E02-B73C-A88929F2F5AF}.Release|x64.Build.0 = Release|Any CPU
		{C9E58F0C-FAA8-4E02-B73C-A88929F2F5AF}.Release|x86.ActiveCfg = Release|Any CPU
		{C9E58F0C-FAA8-4E02-B73C-A88929F2F5AF}.Release|x86.Build.0 = Release|Any CPU
		{BDAF7177-D698-491C-B7FB-3FE604E05904}.Debug|Any CPU.ActiveCfg = Debug|Any CPU
		{BDAF7177-D698-491C-B7FB-3FE604E05904}.Debug|Any CPU.Build.0 = Debug|Any CPU
		{BDAF7177-D698-491C-B7FB-3FE604E05904}.Debug|x64.ActiveCfg = Debug|Any CPU
		{BDAF7177-D698-491C-B7FB-3FE604E05904}.Debug|x64.Build.0 = Debug|Any CPU
		{BDAF7177-D698-491C-B7FB-3FE604E05904}.Debug|x86.ActiveCfg = Debug|Any CPU
		{BDAF7177-D698-491C-B7FB-3FE604E05904}.Debug|x86.Build.0 = Debug|Any CPU
		{BDAF7177-D698-491C-B7FB-3FE604E05904}.Release|Any CPU.ActiveCfg = Release|Any CPU
		{BDAF7177-D698-491C-B7FB-3FE604E05904}.Release|Any CPU.Build.0 = Release|Any CPU
		{BDAF7177-D698-491C-B7FB-3FE604E05904}.Release|x64.ActiveCfg = Release|Any CPU
		{BDAF7177-D698-491C-B7FB-3FE604E05904}.Release|x64.Build.0 = Release|Any CPU
		{BDAF7177-D698-491C-B7FB-3FE604E05904}.Release|x86.ActiveCfg = Release|Any CPU
		{BDAF7177-D698-491C-B7FB-3FE604E05904}.Release|x86.Build.0 = Release|Any CPU
		{4328759D-3A26-4D9C-AE31-BA836AE61C77}.Debug|Any CPU.ActiveCfg = Debug|Any CPU
		{4328759D-3A26-4D9C-AE31-BA836AE61C77}.Debug|Any CPU.Build.0 = Debug|Any CPU
		{4328759D-3A26-4D9C-AE31-BA836AE61C77}.Debug|x64.ActiveCfg = Debug|Any CPU
		{4328759D-3A26-4D9C-AE31-BA836AE61C77}.Debug|x64.Build.0 = Debug|Any CPU
		{4328759D-3A26-4D9C-AE31-BA836AE61C77}.Debug|x86.ActiveCfg = Debug|Any CPU
		{4328759D-3A26-4D9C-AE31-BA836AE61C77}.Debug|x86.Build.0 = Debug|Any CPU
		{4328759D-3A26-4D9C-AE31-BA836AE61C77}.Release|Any CPU.ActiveCfg = Release|Any CPU
		{4328759D-3A26-4D9C-AE31-BA836AE61C77}.Release|Any CPU.Build.0 = Release|Any CPU
		{4328759D-3A26-4D9C-AE31-BA836AE61C77}.Release|x64.ActiveCfg = Release|Any CPU
		{4328759D-3A26-4D9C-AE31-BA836AE61C77}.Release|x64.Build.0 = Release|Any CPU
		{4328759D-3A26-4D9C-AE31-BA836AE61C77}.Release|x86.ActiveCfg = Release|Any CPU
		{4328759D-3A26-4D9C-AE31-BA836AE61C77}.Release|x86.Build.0 = Release|Any CPU
		{D5783556-D720-45F6-8E9F-E02EE8ED8908}.Debug|Any CPU.ActiveCfg = Debug|Any CPU
		{D5783556-D720-45F6-8E9F-E02EE8ED8908}.Debug|Any CPU.Build.0 = Debug|Any CPU
		{D5783556-D720-45F6-8E9F-E02EE8ED8908}.Debug|x64.ActiveCfg = Debug|Any CPU
		{D5783556-D720-45F6-8E9F-E02EE8ED8908}.Debug|x64.Build.0 = Debug|Any CPU
		{D5783556-D720-45F6-8E9F-E02EE8ED8908}.Debug|x86.ActiveCfg = Debug|Any CPU
		{D5783556-D720-45F6-8E9F-E02EE8ED8908}.Debug|x86.Build.0 = Debug|Any CPU
		{D5783556-D720-45F6-8E9F-E02EE8ED8908}.Release|Any CPU.ActiveCfg = Release|Any CPU
		{D5783556-D720-45F6-8E9F-E02EE8ED8908}.Release|Any CPU.Build.0 = Release|Any CPU
		{D5783556-D720-45F6-8E9F-E02EE8ED8908}.Release|x64.ActiveCfg = Release|Any CPU
		{D5783556-D720-45F6-8E9F-E02EE8ED8908}.Release|x64.Build.0 = Release|Any CPU
		{D5783556-D720-45F6-8E9F-E02EE8ED8908}.Release|x86.ActiveCfg = Release|Any CPU
		{D5783556-D720-45F6-8E9F-E02EE8ED8908}.Release|x86.Build.0 = Release|Any CPU
		{3E1D35B9-EAED-4FF5-9533-9DE3CD45124D}.Debug|Any CPU.ActiveCfg = Debug|Any CPU
		{3E1D35B9-EAED-4FF5-9533-9DE3CD45124D}.Debug|Any CPU.Build.0 = Debug|Any CPU
		{3E1D35B9-EAED-4FF5-9533-9DE3CD45124D}.Debug|x64.ActiveCfg = Debug|Any CPU
		{3E1D35B9-EAED-4FF5-9533-9DE3CD45124D}.Debug|x64.Build.0 = Debug|Any CPU
		{3E1D35B9-EAED-4FF5-9533-9DE3CD45124D}.Debug|x86.ActiveCfg = Debug|Any CPU
		{3E1D35B9-EAED-4FF5-9533-9DE3CD45124D}.Debug|x86.Build.0 = Debug|Any CPU
		{3E1D35B9-EAED-4FF5-9533-9DE3CD45124D}.Release|Any CPU.ActiveCfg = Release|Any CPU
		{3E1D35B9-EAED-4FF5-9533-9DE3CD45124D}.Release|Any CPU.Build.0 = Release|Any CPU
		{3E1D35B9-EAED-4FF5-9533-9DE3CD45124D}.Release|x64.ActiveCfg = Release|Any CPU
		{3E1D35B9-EAED-4FF5-9533-9DE3CD45124D}.Release|x64.Build.0 = Release|Any CPU
		{3E1D35B9-EAED-4FF5-9533-9DE3CD45124D}.Release|x86.ActiveCfg = Release|Any CPU
		{3E1D35B9-EAED-4FF5-9533-9DE3CD45124D}.Release|x86.Build.0 = Release|Any CPU
		{AE3B33A4-88C6-4EAA-BF7A-B1D78C8D638D}.Debug|Any CPU.ActiveCfg = Debug|Any CPU
		{AE3B33A4-88C6-4EAA-BF7A-B1D78C8D638D}.Debug|Any CPU.Build.0 = Debug|Any CPU
		{AE3B33A4-88C6-4EAA-BF7A-B1D78C8D638D}.Debug|x64.ActiveCfg = Debug|Any CPU
		{AE3B33A4-88C6-4EAA-BF7A-B1D78C8D638D}.Debug|x64.Build.0 = Debug|Any CPU
		{AE3B33A4-88C6-4EAA-BF7A-B1D78C8D638D}.Debug|x86.ActiveCfg = Debug|Any CPU
		{AE3B33A4-88C6-4EAA-BF7A-B1D78C8D638D}.Debug|x86.Build.0 = Debug|Any CPU
		{AE3B33A4-88C6-4EAA-BF7A-B1D78C8D638D}.Release|Any CPU.ActiveCfg = Release|Any CPU
		{AE3B33A4-88C6-4EAA-BF7A-B1D78C8D638D}.Release|Any CPU.Build.0 = Release|Any CPU
		{AE3B33A4-88C6-4EAA-BF7A-B1D78C8D638D}.Release|x64.ActiveCfg = Release|Any CPU
		{AE3B33A4-88C6-4EAA-BF7A-B1D78C8D638D}.Release|x64.Build.0 = Release|Any CPU
		{AE3B33A4-88C6-4EAA-BF7A-B1D78C8D638D}.Release|x86.ActiveCfg = Release|Any CPU
		{AE3B33A4-88C6-4EAA-BF7A-B1D78C8D638D}.Release|x86.Build.0 = Release|Any CPU
		{C0DCC254-0653-421E-8B81-36630915B636}.Debug|Any CPU.ActiveCfg = Debug|Any CPU
		{C0DCC254-0653-421E-8B81-36630915B636}.Debug|Any CPU.Build.0 = Debug|Any CPU
		{C0DCC254-0653-421E-8B81-36630915B636}.Debug|x64.ActiveCfg = Debug|Any CPU
		{C0DCC254-0653-421E-8B81-36630915B636}.Debug|x64.Build.0 = Debug|Any CPU
		{C0DCC254-0653-421E-8B81-36630915B636}.Debug|x86.ActiveCfg = Debug|Any CPU
		{C0DCC254-0653-421E-8B81-36630915B636}.Debug|x86.Build.0 = Debug|Any CPU
		{C0DCC254-0653-421E-8B81-36630915B636}.Release|Any CPU.ActiveCfg = Release|Any CPU
		{C0DCC254-0653-421E-8B81-36630915B636}.Release|Any CPU.Build.0 = Release|Any CPU
		{C0DCC254-0653-421E-8B81-36630915B636}.Release|x64.ActiveCfg = Release|Any CPU
		{C0DCC254-0653-421E-8B81-36630915B636}.Release|x64.Build.0 = Release|Any CPU
		{C0DCC254-0653-421E-8B81-36630915B636}.Release|x86.ActiveCfg = Release|Any CPU
		{C0DCC254-0653-421E-8B81-36630915B636}.Release|x86.Build.0 = Release|Any CPU
	EndGlobalSection
	GlobalSection(SolutionProperties) = preSolution
		HideSolutionNode = FALSE
	EndGlobalSection
	GlobalSection(NestedProjects) = preSolution
		{C9E58F0C-FAA8-4E02-B73C-A88929F2F5AF} = {827E0CD3-B72D-47B6-A68D-7590B98EB39B}
		{BDAF7177-D698-491C-B7FB-3FE604E05904} = {827E0CD3-B72D-47B6-A68D-7590B98EB39B}
		{4328759D-3A26-4D9C-AE31-BA836AE61C77} = {827E0CD3-B72D-47B6-A68D-7590B98EB39B}
		{D5783556-D720-45F6-8E9F-E02EE8ED8908} = {827E0CD3-B72D-47B6-A68D-7590B98EB39B}
		{3E1D35B9-EAED-4FF5-9533-9DE3CD45124D} = {827E0CD3-B72D-47B6-A68D-7590B98EB39B}
		{AE3B33A4-88C6-4EAA-BF7A-B1D78C8D638D} = {0AB3BF05-4346-4AA6-1389-037BE0695223}
		{C0DCC254-0653-421E-8B81-36630915B636} = {0AB3BF05-4346-4AA6-1389-037BE0695223}
	EndGlobalSection
EndGlobal
